
Microsoft Visual Studio Solution File, Format Version 12.00
# Visual Studio Version 16
VisualStudioVersion = 16.0.31729.503
MinimumVisualStudioVersion = 10.0.40219.1
Project("{FAE04EC0-301F-11D3-BF4B-00C04F79EFBC}") = "Listas", "Listas\Listas.csproj", "{DCF14EC5-408E-4E83-9274-27CB92B3BA3E}"
EndProject
Global
	GlobalSection(SolutionConfigurationPlatforms) = preSolution
		Debug|Any CPU = Debug|Any CPU
		Release|Any CPU = Release|Any CPU
	EndGlobalSection
	GlobalSection(ProjectConfigurationPlatforms) = postSolution
		{DCF14EC5-408E-4E83-9274-27CB92B3BA3E}.Debug|Any CPU.ActiveCfg = Debug|Any CPU
		{DCF14EC5-408E-4E83-9274-27CB92B3BA3E}.Debug|Any CPU.Build.0 = Debug|Any CPU
		{DCF14EC5-408E-4E83-9274-27CB92B3BA3E}.Release|Any CPU.ActiveCfg = Release|Any CPU
		{DCF14EC5-408E-4E83-9274-27CB92B3BA3E}.Release|Any CPU.Build.0 = Release|Any CPU
	EndGlobalSection
	GlobalSection(SolutionProperties) = preSolution
		HideSolutionNode = FALSE
	EndGlobalSection
	GlobalSection(ExtensibilityGlobals) = postSolution
		SolutionGuid = {5140758F-51B1-4744-8F7F-83D4A497B70D}
	EndGlobalSection
EndGlobal
